
Microsoft Visual Studio Solution File, Format Version 12.00
# Visual Studio Version 17
VisualStudioVersion = 17.8.34330.188
MinimumVisualStudioVersion = 10.0.40219.1
Project("{FAE04EC0-301F-11D3-BF4B-00C04F79EFBC}") = "MarketApplication.Api", "MarketApplication.Api\MarketApplication.Api.csproj", "{08D8A6E8-BE51-4A5A-A0CF-5C0D2272EE88}"
EndProject
Project("{FAE04EC0-301F-11D3-BF4B-00C04F79EFBC}") = "MarketApplication.EF", "MarketApplication.EF\MarketApplication.EF.csproj", "{BDAE0A40-AFBD-4157-A95E-9C2494371C0E}"
EndProject
Project("{FAE04EC0-301F-11D3-BF4B-00C04F79EFBC}") = "MarketApplication.Core", "MarketApplication.Core\MarketApplication.Core.csproj", "{748F653F-8C1B-4844-BF62-EDA028910567}"
EndProject
Global
	GlobalSection(SolutionConfigurationPlatforms) = preSolution
		Debug|Any CPU = Debug|Any CPU
		Release|Any CPU = Release|Any CPU
	EndGlobalSection
	GlobalSection(ProjectConfigurationPlatforms) = postSolution
		{08D8A6E8-BE51-4A5A-A0CF-5C0D2272EE88}.Debug|Any CPU.ActiveCfg = Debug|Any CPU
		{08D8A6E8-BE51-4A5A-A0CF-5C0D2272EE88}.Debug|Any CPU.Build.0 = Debug|Any CPU
		{08D8A6E8-BE51-4A5A-A0CF-5C0D2272EE88}.Release|Any CPU.ActiveCfg = Release|Any CPU
		{08D8A6E8-BE51-4A5A-A0CF-5C0D2272EE88}.Release|Any CPU.Build.0 = Release|Any CPU
		{BDAE0A40-AFBD-4157-A95E-9C2494371C0E}.Debug|Any CPU.ActiveCfg = Debug|Any CPU
		{BDAE0A40-AFBD-4157-A95E-9C2494371C0E}.Debug|Any CPU.Build.0 = Debug|Any CPU
		{BDAE0A40-AFBD-4157-A95E-9C2494371C0E}.Release|Any CPU.ActiveCfg = Release|Any CPU
		{BDAE0A40-AFBD-4157-A95E-9C2494371C0E}.Release|Any CPU.Build.0 = Release|Any CPU
		{748F653F-8C1B-4844-BF62-EDA028910567}.Debug|Any CPU.ActiveCfg = Debug|Any CPU
		{748F653F-8C1B-4844-BF62-EDA028910567}.Debug|Any CPU.Build.0 = Debug|Any CPU
		{748F653F-8C1B-4844-BF62-EDA028910567}.Release|Any CPU.ActiveCfg = Release|Any CPU
		{748F653F-8C1B-4844-BF62-EDA028910567}.Release|Any CPU.Build.0 = Release|Any CPU
	EndGlobalSection
	GlobalSection(SolutionProperties) = preSolution
		HideSolutionNode = FALSE
	EndGlobalSection
	GlobalSection(ExtensibilityGlobals) = postSolution
		SolutionGuid = {7E08C42A-69C3-46EC-97E1-95CDCBE79243}
	EndGlobalSection
EndGlobal
